
Microsoft Visual Studio Solution File, Format Version 12.00
# Visual Studio Version 16
VisualStudioVersion = 16.0.29613.14
MinimumVisualStudioVersion = 10.0.40219.1
Project("{FAE04EC0-301F-11D3-BF4B-00C04F79EFBC}") = "DataGrid", "DataGrid\DataGrid.csproj", "{FE63C9AB-9F1F-4AB7-A211-62612E6DBCAF}"
EndProject
Global
	GlobalSection(SolutionConfigurationPlatforms) = preSolution
		Debug|ARM = Debug|ARM
		Debug|ARM64 = Debug|ARM64
		Debug|x64 = Debug|x64
		Debug|x86 = Debug|x86
		Release|ARM = Release|ARM
		Release|ARM64 = Release|ARM64
		Release|x64 = Release|x64
		Release|x86 = Release|x86
	EndGlobalSection
	GlobalSection(ProjectConfigurationPlatforms) = postSolution
		{FE63C9AB-9F1F-4AB7-A211-62612E6DBCAF}.Debug|ARM.ActiveCfg = Debug|ARM
		{FE63C9AB-9F1F-4AB7-A211-62612E6DBCAF}.Debug|ARM.Build.0 = Debug|ARM
		{FE63C9AB-9F1F-4AB7-A211-62612E6DBCAF}.Debug|ARM.Deploy.0 = Debug|ARM
		{FE63C9AB-9F1F-4AB7-A211-62612E6DBCAF}.Debug|ARM64.ActiveCfg = Debug|ARM64
		{FE63C9AB-9F1F-4AB7-A211-62612E6DBCAF}.Debug|ARM64.Build.0 = Debug|ARM64
		{FE63C9AB-9F1F-4AB7-A211-62612E6DBCAF}.Debug|ARM64.Deploy.0 = Debug|ARM64
		{FE63C9AB-9F1F-4AB7-A211-62612E6DBCAF}.Debug|x64.ActiveCfg = Debug|x64
		{FE63C9AB-9F1F-4AB7-A211-62612E6DBCAF}.Debug|x64.Build.0 = Debug|x64
		{FE63C9AB-9F1F-4AB7-A211-62612E6DBCAF}.Debug|x64.Deploy.0 = Debug|x64
		{FE63C9AB-9F1F-4AB7-A211-62612E6DBCAF}.Debug|x86.ActiveCfg = Debug|x86
		{FE63C9AB-9F1F-4AB7-A211-62612E6DBCAF}.Debug|x86.Build.0 = Debug|x86
		{FE63C9AB-9F1F-4AB7-A211-62612E6DBCAF}.Debug|x86.Deploy.0 = Debug|x86
		{FE63C9AB-9F1F-4AB7-A211-62612E6DBCAF}.Release|ARM.ActiveCfg = Release|ARM
		{FE63C9AB-9F1F-4AB7-A211-62612E6DBCAF}.Release|ARM.Build.0 = Release|ARM
		{FE63C9AB-9F1F-4AB7-A211-62612E6DBCAF}.Release|ARM.Deploy.0 = Release|ARM
		{FE63C9AB-9F1F-4AB7-A211-62612E6DBCAF}.Release|ARM64.ActiveCfg = Release|ARM64
		{FE63C9AB-9F1F-4AB7-A211-62612E6DBCAF}.Release|ARM64.Build.0 = Release|ARM64
		{FE63C9AB-9F1F-4AB7-A211-62612E6DBCAF}.Release|ARM64.Deploy.0 = Release|ARM64
		{FE63C9AB-9F1F-4AB7-A211-62612E6DBCAF}.Release|x64.ActiveCfg = Release|x64
		{FE63C9AB-9F1F-4AB7-A211-62612E6DBCAF}.Release|x64.Build.0 = Release|x64
		{FE63C9AB-9F1F-4AB7-A211-62612E6DBCAF}.Release|x64.Deploy.0 = Release|x64
		{FE63C9AB-9F1F-4AB7-A211-62612E6DBCAF}.Release|x86.ActiveCfg = Release|x86
		{FE63C9AB-9F1F-4AB7-A211-62612E6DBCAF}.Release|x86.Build.0 = Release|x86
		{FE63C9AB-9F1F-4AB7-A211-62612E6DBCAF}.Release|x86.Deploy.0 = Release|x86
	EndGlobalSection
	GlobalSection(SolutionProperties) = preSolution
		HideSolutionNode = FALSE
	EndGlobalSection
	GlobalSection(ExtensibilityGlobals) = postSolution
		SolutionGuid = {E2F45A77-27B1-47EF-9DF2-B43F4C3EE3EC}
	EndGlobalSection
EndGlobal
